
Microsoft Visual Studio Solution File, Format Version 12.00
# Visual Studio Version 16
VisualStudioVersion = 16.0.32602.291
MinimumVisualStudioVersion = 10.0.40219.1
Project("{FAE04EC0-301F-11D3-BF4B-00C04F79EFBC}") = "MyFirstWebArrMVC", "MyFirstWebArrMVC\MyFirstWebArrMVC.csproj", "{FBF3F628-7BB8-49DA-B048-7B2D876DDB97}"
EndProject
Global
	GlobalSection(SolutionConfigurationPlatforms) = preSolution
		Debug|Any CPU = Debug|Any CPU
		Release|Any CPU = Release|Any CPU
	EndGlobalSection
	GlobalSection(ProjectConfigurationPlatforms) = postSolution
		{FBF3F628-7BB8-49DA-B048-7B2D876DDB97}.Debug|Any CPU.ActiveCfg = Debug|Any CPU
		{FBF3F628-7BB8-49DA-B048-7B2D876DDB97}.Debug|Any CPU.Build.0 = Debug|Any CPU
		{FBF3F628-7BB8-49DA-B048-7B2D876DDB97}.Release|Any CPU.ActiveCfg = Release|Any CPU
		{FBF3F628-7BB8-49DA-B048-7B2D876DDB97}.Release|Any CPU.Build.0 = Release|Any CPU
	EndGlobalSection
	GlobalSection(SolutionProperties) = preSolution
		HideSolutionNode = FALSE
	EndGlobalSection
	GlobalSection(ExtensibilityGlobals) = postSolution
		SolutionGuid = {8A02D778-9A82-4FAC-BCBA-45E996D75876}
	EndGlobalSection
EndGlobal
