
Microsoft Visual Studio Solution File, Format Version 12.00
# Visual Studio Version 16
VisualStudioVersion = 16.0.31729.503
MinimumVisualStudioVersion = 10.0.40219.1
Project("{FAE04EC0-301F-11D3-BF4B-00C04F79EFBC}") = "ZadArrays", "ZadArrays\ZadArrays.csproj", "{8EADD5EC-C8D6-46F4-8555-40E5A2117207}"
EndProject
Project("{FAE04EC0-301F-11D3-BF4B-00C04F79EFBC}") = "Zad2", "Zad2\Zad2.csproj", "{C7B4DE5B-C628-460D-9134-EAAAE7586861}"
EndProject
Global
	GlobalSection(SolutionConfigurationPlatforms) = preSolution
		Debug|Any CPU = Debug|Any CPU
		Release|Any CPU = Release|Any CPU
	EndGlobalSection
	GlobalSection(ProjectConfigurationPlatforms) = postSolution
		{8EADD5EC-C8D6-46F4-8555-40E5A2117207}.Debug|Any CPU.ActiveCfg = Debug|Any CPU
		{8EADD5EC-C8D6-46F4-8555-40E5A2117207}.Debug|Any CPU.Build.0 = Debug|Any CPU
		{8EADD5EC-C8D6-46F4-8555-40E5A2117207}.Release|Any CPU.ActiveCfg = Release|Any CPU
		{8EADD5EC-C8D6-46F4-8555-40E5A2117207}.Release|Any CPU.Build.0 = Release|Any CPU
		{C7B4DE5B-C628-460D-9134-EAAAE7586861}.Debug|Any CPU.ActiveCfg = Debug|Any CPU
		{C7B4DE5B-C628-460D-9134-EAAAE7586861}.Debug|Any CPU.Build.0 = Debug|Any CPU
		{C7B4DE5B-C628-460D-9134-EAAAE7586861}.Release|Any CPU.ActiveCfg = Release|Any CPU
		{C7B4DE5B-C628-460D-9134-EAAAE7586861}.Release|Any CPU.Build.0 = Release|Any CPU
	EndGlobalSection
	GlobalSection(SolutionProperties) = preSolution
		HideSolutionNode = FALSE
	EndGlobalSection
	GlobalSection(ExtensibilityGlobals) = postSolution
		SolutionGuid = {DC56298A-3541-46A3-96A0-5EE712119884}
	EndGlobalSection
EndGlobal
