
Microsoft Visual Studio Solution File, Format Version 12.00
# Visual Studio Version 16
VisualStudioVersion = 16.0.32602.291
MinimumVisualStudioVersion = 10.0.40219.1
Project("{FAE04EC0-301F-11D3-BF4B-00C04F79EFBC}") = "BookShopSchool", "BookShopSchool\BookShopSchool.csproj", "{0AD76D0C-C2B3-4C13-A75B-5DDC27E265A0}"
EndProject
Global
	GlobalSection(SolutionConfigurationPlatforms) = preSolution
		Debug|Any CPU = Debug|Any CPU
		Release|Any CPU = Release|Any CPU
	EndGlobalSection
	GlobalSection(ProjectConfigurationPlatforms) = postSolution
		{0AD76D0C-C2B3-4C13-A75B-5DDC27E265A0}.Debug|Any CPU.ActiveCfg = Debug|Any CPU
		{0AD76D0C-C2B3-4C13-A75B-5DDC27E265A0}.Debug|Any CPU.Build.0 = Debug|Any CPU
		{0AD76D0C-C2B3-4C13-A75B-5DDC27E265A0}.Release|Any CPU.ActiveCfg = Release|Any CPU
		{0AD76D0C-C2B3-4C13-A75B-5DDC27E265A0}.Release|Any CPU.Build.0 = Release|Any CPU
	EndGlobalSection
	GlobalSection(SolutionProperties) = preSolution
		HideSolutionNode = FALSE
	EndGlobalSection
	GlobalSection(ExtensibilityGlobals) = postSolution
		SolutionGuid = {493F2A77-0AB0-4D8D-8A50-3F30EE7510CF}
	EndGlobalSection
EndGlobal
