
Microsoft Visual Studio Solution File, Format Version 12.00
# Visual Studio Version 16
VisualStudioVersion = 16.0.31019.35
MinimumVisualStudioVersion = 10.0.40219.1
Project("{FAE04EC0-301F-11D3-BF4B-00C04F79EFBC}") = "Emails", "Emails\Emails.csproj", "{7EB769D2-3064-4853-9F4C-D9F83BD4DDF0}"
EndProject
Global
	GlobalSection(SolutionConfigurationPlatforms) = preSolution
		Debug|Any CPU = Debug|Any CPU
		Release|Any CPU = Release|Any CPU
	EndGlobalSection
	GlobalSection(ProjectConfigurationPlatforms) = postSolution
		{7EB769D2-3064-4853-9F4C-D9F83BD4DDF0}.Debug|Any CPU.ActiveCfg = Debug|Any CPU
		{7EB769D2-3064-4853-9F4C-D9F83BD4DDF0}.Debug|Any CPU.Build.0 = Debug|Any CPU
		{7EB769D2-3064-4853-9F4C-D9F83BD4DDF0}.Release|Any CPU.ActiveCfg = Release|Any CPU
		{7EB769D2-3064-4853-9F4C-D9F83BD4DDF0}.Release|Any CPU.Build.0 = Release|Any CPU
	EndGlobalSection
	GlobalSection(SolutionProperties) = preSolution
		HideSolutionNode = FALSE
	EndGlobalSection
	GlobalSection(ExtensibilityGlobals) = postSolution
		SolutionGuid = {E7E03AAE-ED76-4B60-B843-4D7BB1E324AF}
	EndGlobalSection
EndGlobal
